
Microsoft Visual Studio Solution File, Format Version 12.00
# Visual Studio Version 16
VisualStudioVersion = 16.0.30309.148
MinimumVisualStudioVersion = 10.0.40219.1
Project("{FAE04EC0-301F-11D3-BF4B-00C04F79EFBC}") = "Lab8_5_RealityTVStar", "Lab8_5_RealityTVStar.csproj", "{C7F02470-C655-43DC-A10D-01382E87E153}"
EndProject
Global
	GlobalSection(SolutionConfigurationPlatforms) = preSolution
		Debug|Any CPU = Debug|Any CPU
		Release|Any CPU = Release|Any CPU
	EndGlobalSection
	GlobalSection(ProjectConfigurationPlatforms) = postSolution
		{C7F02470-C655-43DC-A10D-01382E87E153}.Debug|Any CPU.ActiveCfg = Debug|Any CPU
		{C7F02470-C655-43DC-A10D-01382E87E153}.Debug|Any CPU.Build.0 = Debug|Any CPU
		{C7F02470-C655-43DC-A10D-01382E87E153}.Release|Any CPU.ActiveCfg = Release|Any CPU
		{C7F02470-C655-43DC-A10D-01382E87E153}.Release|Any CPU.Build.0 = Release|Any CPU
	EndGlobalSection
	GlobalSection(SolutionProperties) = preSolution
		HideSolutionNode = FALSE
	EndGlobalSection
	GlobalSection(ExtensibilityGlobals) = postSolution
		SolutionGuid = {BAB01B72-DEFD-4C2B-9E71-3DB6E07C3BCA}
	EndGlobalSection
EndGlobal
